
Microsoft Visual Studio Solution File, Format Version 11.00
# Visual Studio 2010
# SharpDevelop 5.1
Project("{FAE04EC0-301F-11D3-BF4B-00C04F79EFBC}") = "Tkachuk_N_O_ind_2_1_1", "Tkachuk_N_O_ind_2_1_1\Tkachuk_N_O_ind_2_1_1.csproj", "{22EC7E06-BE6A-40DB-BC3C-05214D8E67DF}"
EndProject
Global
	GlobalSection(SolutionConfigurationPlatforms) = preSolution
		Debug|Any CPU = Debug|Any CPU
		Release|Any CPU = Release|Any CPU
	EndGlobalSection
	GlobalSection(ProjectConfigurationPlatforms) = postSolution
		{22EC7E06-BE6A-40DB-BC3C-05214D8E67DF}.Debug|Any CPU.ActiveCfg = Debug|Any CPU
		{22EC7E06-BE6A-40DB-BC3C-05214D8E67DF}.Debug|Any CPU.Build.0 = Debug|Any CPU
		{22EC7E06-BE6A-40DB-BC3C-05214D8E67DF}.Release|Any CPU.ActiveCfg = Release|Any CPU
		{22EC7E06-BE6A-40DB-BC3C-05214D8E67DF}.Release|Any CPU.Build.0 = Release|Any CPU
	EndGlobalSection
EndGlobal
